// !$*UTF8*$!
{
	archiveVersion = 1;
	classes = {
	};
	objectVersion = 46;
	objects = {

/* Begin PBXBuildFile section */
		311A37FD18D2A46900DD3300 /* WebServiceMethods.m in Sources */ = {isa = PBXBuildFile; fileRef = 311A37FC18D2A46900DD3300 /* WebServiceMethods.m */; };
		3122CDDA18D411B6003FADC9 /* navigationBackground-7.png in Resources */ = {isa = PBXBuildFile; fileRef = 3122CDD618D411B6003FADC9 /* navigationBackground-7.png */; };
		3122CDDB18D411B6003FADC9 /* navigationBackground-7@2x.png in Resources */ = {isa = PBXBuildFile; fileRef = 3122CDD718D411B6003FADC9 /* navigationBackground-7@2x.png */; };
		3122CDDC18D411B6003FADC9 /* navigationBackground.png in Resources */ = {isa = PBXBuildFile; fileRef = 3122CDD818D411B6003FADC9 /* navigationBackground.png */; };
		3122CDDD18D411B6003FADC9 /* navigationBackground@2x.png in Resources */ = {isa = PBXBuildFile; fileRef = 3122CDD918D411B6003FADC9 /* navigationBackground@2x.png */; };
		312AF1E518D1AB7C00DE95E6 /* Foundation.framework in Frameworks */ = {isa = PBXBuildFile; fileRef = 312AF1E418D1AB7C00DE95E6 /* Foundation.framework */; };
		312AF1E718D1AB7C00DE95E6 /* CoreGraphics.framework in Frameworks */ = {isa = PBXBuildFile; fileRef = 312AF1E618D1AB7C00DE95E6 /* CoreGraphics.framework */; };
		312AF1E918D1AB7C00DE95E6 /* UIKit.framework in Frameworks */ = {isa = PBXBuildFile; fileRef = 312AF1E818D1AB7C00DE95E6 /* UIKit.framework */; };
		312AF1EF18D1AB7C00DE95E6 /* InfoPlist.strings in Resources */ = {isa = PBXBuildFile; fileRef = 312AF1ED18D1AB7C00DE95E6 /* InfoPlist.strings */; };
		312AF1F118D1AB7C00DE95E6 /* main.m in Sources */ = {isa = PBXBuildFile; fileRef = 312AF1F018D1AB7C00DE95E6 /* main.m */; };
		312AF1F518D1AB7C00DE95E6 /* AppDelegate.m in Sources */ = {isa = PBXBuildFile; fileRef = 312AF1F418D1AB7C00DE95E6 /* AppDelegate.m */; };
		312AF1F718D1AB7C00DE95E6 /* Images.xcassets in Resources */ = {isa = PBXBuildFile; fileRef = 312AF1F618D1AB7C00DE95E6 /* Images.xcassets */; };
		312AF1FE18D1AB7C00DE95E6 /* XCTest.framework in Frameworks */ = {isa = PBXBuildFile; fileRef = 312AF1FD18D1AB7C00DE95E6 /* XCTest.framework */; };
		312AF1FF18D1AB7C00DE95E6 /* Foundation.framework in Frameworks */ = {isa = PBXBuildFile; fileRef = 312AF1E418D1AB7C00DE95E6 /* Foundation.framework */; };
		312AF20018D1AB7C00DE95E6 /* UIKit.framework in Frameworks */ = {isa = PBXBuildFile; fileRef = 312AF1E818D1AB7C00DE95E6 /* UIKit.framework */; };
		312AF20818D1AB7C00DE95E6 /* InfoPlist.strings in Resources */ = {isa = PBXBuildFile; fileRef = 312AF20618D1AB7C00DE95E6 /* InfoPlist.strings */; };
		312AF20A18D1AB7C00DE95E6 /* PostTaskTests.m in Sources */ = {isa = PBXBuildFile; fileRef = 312AF20918D1AB7C00DE95E6 /* PostTaskTests.m */; };
		312AF21718D1ABE300DE95E6 /* MainViewController.m in Sources */ = {isa = PBXBuildFile; fileRef = 312AF21518D1ABE300DE95E6 /* MainViewController.m */; };
		312AF21818D1ABE300DE95E6 /* MainViewController.xib in Resources */ = {isa = PBXBuildFile; fileRef = 312AF21618D1ABE300DE95E6 /* MainViewController.xib */; };
		312AF21A18D1ADB100DE95E6 /* nab_bar.png in Resources */ = {isa = PBXBuildFile; fileRef = 312AF21918D1ADB100DE95E6 /* nab_bar.png */; };
		312AF21C18D1AE7B00DE95E6 /* contact_book_this_trip_button.png in Resources */ = {isa = PBXBuildFile; fileRef = 312AF21B18D1AE7B00DE95E6 /* contact_book_this_trip_button.png */; };
/* End PBXBuildFile section */

/* Begin PBXContainerItemProxy section */
		312AF20118D1AB7C00DE95E6 /* PBXContainerItemProxy */ = {
			isa = PBXContainerItemProxy;
			containerPortal = 312AF1D918D1AB7C00DE95E6 /* Project object */;
			proxyType = 1;
			remoteGlobalIDString = 312AF1E018D1AB7C00DE95E6;
			remoteInfo = PostTask;
		};
/* End PBXContainerItemProxy section */

/* Begin PBXFileReference section */
		311A37FB18D2A46900DD3300 /* WebServiceMethods.h */ = {isa = PBXFileReference; fileEncoding = 4; lastKnownFileType = sourcecode.c.h; path = WebServiceMethods.h; sourceTree = "<group>"; };
		311A37FC18D2A46900DD3300 /* WebServiceMethods.m */ = {isa = PBXFileReference; fileEncoding = 4; lastKnownFileType = sourcecode.c.objc; path = WebServiceMethods.m; sourceTree = "<group>"; };
		3122CDD618D411B6003FADC9 /* navigationBackground-7.png */ = {isa = PBXFileReference; lastKnownFileType = image.png; path = "navigationBackground-7.png"; sourceTree = "<group>"; };
		3122CDD718D411B6003FADC9 /* navigationBackground-7@2x.png */ = {isa = PBXFileReference; lastKnownFileType = image.png; path = "navigationBackground-7@2x.png"; sourceTree = "<group>"; };
		3122CDD818D411B6003FADC9 /* navigationBackground.png */ = {isa = PBXFileReference; lastKnownFileType = image.png; path = navigationBackground.png; sourceTree = "<group>"; };
		3122CDD918D411B6003FADC9 /* navigationBackground@2x.png */ = {isa = PBXFileReference; lastKnownFileType = image.png; path = "navigationBackground@2x.png"; sourceTree = "<group>"; };
		312AF1E118D1AB7C00DE95E6 /* PostTask.app */ = {isa = PBXFileReference; explicitFileType = wrapper.application; includeInIndex = 0; path = PostTask.app; sourceTree = BUILT_PRODUCTS_DIR; };
		312AF1E418D1AB7C00DE95E6 /* Foundation.framework */ = {isa = PBXFileReference; lastKnownFileType = wrapper.framework; name = Foundation.framework; path = System/Library/Frameworks/Foundation.framework; sourceTree = SDKROOT; };
		312AF1E618D1AB7C00DE95E6 /* CoreGraphics.framework */ = {isa = PBXFileReference; lastKnownFileType = wrapper.framework; name = CoreGraphics.framework; path = System/Library/Frameworks/CoreGraphics.framework; sourceTree = SDKROOT; };
		312AF1E818D1AB7C00DE95E6 /* UIKit.framework */ = {isa = PBXFileReference; lastKnownFileType = wrapper.framework; name = UIKit.framework; path = System/Library/Frameworks/UIKit.framework; sourceTree = SDKROOT; };
		312AF1EC18D1AB7C00DE95E6 /* PostTask-Info.plist */ = {isa = PBXFileReference; lastKnownFileType = text.plist.xml; path = "PostTask-Info.plist"; sourceTree = "<group>"; };
		312AF1EE18D1AB7C00DE95E6 /* en */ = {isa = PBXFileReference; lastKnownFileType = text.plist.strings; name = en; path = en.lproj/InfoPlist.strings; sourceTree = "<group>"; };
		312AF1F018D1AB7C00DE95E6 /* main.m */ = {isa = PBXFileReference; lastKnownFileType = sourcecode.c.objc; path = main.m; sourceTree = "<group>"; };
		312AF1F218D1AB7C00DE95E6 /* PostTask-Prefix.pch */ = {isa = PBXFileReference; lastKnownFileType = sourcecode.c.h; path = "PostTask-Prefix.pch"; sourceTree = "<group>"; };
		312AF1F318D1AB7C00DE95E6 /* AppDelegate.h */ = {isa = PBXFileReference; lastKnownFileType = sourcecode.c.h; path = AppDelegate.h; sourceTree = "<group>"; };
		312AF1F418D1AB7C00DE95E6 /* AppDelegate.m */ = {isa = PBXFileReference; lastKnownFileType = sourcecode.c.objc; path = AppDelegate.m; sourceTree = "<group>"; };
		312AF1F618D1AB7C00DE95E6 /* Images.xcassets */ = {isa = PBXFileReference; lastKnownFileType = folder.assetcatalog; path = Images.xcassets; sourceTree = "<group>"; };
		312AF1FC18D1AB7C00DE95E6 /* PostTaskTests.xctest */ = {isa = PBXFileReference; explicitFileType = wrapper.cfbundle; includeInIndex = 0; path = PostTaskTests.xctest; sourceTree = BUILT_PRODUCTS_DIR; };
		312AF1FD18D1AB7C00DE95E6 /* XCTest.framework */ = {isa = PBXFileReference; lastKnownFileType = wrapper.framework; name = XCTest.framework; path = Library/Frameworks/XCTest.framework; sourceTree = DEVELOPER_DIR; };
		312AF20518D1AB7C00DE95E6 /* PostTaskTests-Info.plist */ = {isa = PBXFileReference; lastKnownFileType = text.plist.xml; path = "PostTaskTests-Info.plist"; sourceTree = "<group>"; };
		312AF20718D1AB7C00DE95E6 /* en */ = {isa = PBXFileReference; lastKnownFileType = text.plist.strings; name = en; path = en.lproj/InfoPlist.strings; sourceTree = "<group>"; };
		312AF20918D1AB7C00DE95E6 /* PostTaskTests.m */ = {isa = PBXFileReference; lastKnownFileType = sourcecode.c.objc; path = PostTaskTests.m; sourceTree = "<group>"; };
		312AF21418D1ABE300DE95E6 /* MainViewController.h */ = {isa = PBXFileReference; fileEncoding = 4; lastKnownFileType = sourcecode.c.h; name = MainViewController.h; path = ../MainViewController.h; sourceTree = "<group>"; };
		312AF21518D1ABE300DE95E6 /* MainViewController.m */ = {isa = PBXFileReference; fileEncoding = 4; lastKnownFileType = sourcecode.c.objc; name = MainViewController.m; path = ../MainViewController.m; sourceTree = "<group>"; };
		312AF21618D1ABE300DE95E6 /* MainViewController.xib */ = {isa = PBXFileReference; fileEncoding = 4; lastKnownFileType = file.xib; name = MainViewController.xib; path = ../MainViewController.xib; sourceTree = "<group>"; };
		312AF21918D1ADB100DE95E6 /* nab_bar.png */ = {isa = PBXFileReference; lastKnownFileType = image.png; path = nab_bar.png; sourceTree = "<group>"; };
		312AF21B18D1AE7B00DE95E6 /* contact_book_this_trip_button.png */ = {isa = PBXFileReference; lastKnownFileType = image.png; path = contact_book_this_trip_button.png; sourceTree = "<group>"; };
/* End PBXFileReference section */

/* Begin PBXFrameworksBuildPhase section */
		312AF1DE18D1AB7C00DE95E6 /* Frameworks */ = {
			isa = PBXFrameworksBuildPhase;
			buildActionMask = 2147483647;
			files = (
				312AF1E718D1AB7C00DE95E6 /* CoreGraphics.framework in Frameworks */,
				312AF1E918D1AB7C00DE95E6 /* UIKit.framework in Frameworks */,
				312AF1E518D1AB7C00DE95E6 /* Foundation.framework in Frameworks */,
			);
			runOnlyForDeploymentPostprocessing = 0;
		};
		312AF1F918D1AB7C00DE95E6 /* Frameworks */ = {
			isa = PBXFrameworksBuildPhase;
			buildActionMask = 2147483647;
			files = (
				312AF1FE18D1AB7C00DE95E6 /* XCTest.framework in Frameworks */,
				312AF20018D1AB7C00DE95E6 /* UIKit.framework in Frameworks */,
				312AF1FF18D1AB7C00DE95E6 /* Foundation.framework in Frameworks */,
			);
			runOnlyForDeploymentPostprocessing = 0;
		};
/* End PBXFrameworksBuildPhase section */

/* Begin PBXGroup section */
		311A37FA18D2A44900DD3300 /* WebServiceMethods */ = {
			isa = PBXGroup;
			children = (
				311A37FB18D2A46900DD3300 /* WebServiceMethods.h */,
				311A37FC18D2A46900DD3300 /* WebServiceMethods.m */,
			);
			name = WebServiceMethods;
			sourceTree = "<group>";
		};
		312AF1D818D1AB7C00DE95E6 = {
			isa = PBXGroup;
			children = (
				311A37FA18D2A44900DD3300 /* WebServiceMethods */,
				312AF21318D1AB8500DE95E6 /* Images */,
				312AF1EA18D1AB7C00DE95E6 /* PostTask */,
				312AF20318D1AB7C00DE95E6 /* PostTaskTests */,
				312AF1E318D1AB7C00DE95E6 /* Frameworks */,
				312AF1E218D1AB7C00DE95E6 /* Products */,
			);
			sourceTree = "<group>";
		};
		312AF1E218D1AB7C00DE95E6 /* Products */ = {
			isa = PBXGroup;
			children = (
				312AF1E118D1AB7C00DE95E6 /* PostTask.app */,
				312AF1FC18D1AB7C00DE95E6 /* PostTaskTests.xctest */,
			);
			name = Products;
			sourceTree = "<group>";
		};
		312AF1E318D1AB7C00DE95E6 /* Frameworks */ = {
			isa = PBXGroup;
			children = (
				312AF1E418D1AB7C00DE95E6 /* Foundation.framework */,
				312AF1E618D1AB7C00DE95E6 /* CoreGraphics.framework */,
				312AF1E818D1AB7C00DE95E6 /* UIKit.framework */,
				312AF1FD18D1AB7C00DE95E6 /* XCTest.framework */,
			);
			name = Frameworks;
			sourceTree = "<group>";
		};
		312AF1EA18D1AB7C00DE95E6 /* PostTask */ = {
			isa = PBXGroup;
			children = (
				312AF1F318D1AB7C00DE95E6 /* AppDelegate.h */,
				312AF1F418D1AB7C00DE95E6 /* AppDelegate.m */,
				312AF21418D1ABE300DE95E6 /* MainViewController.h */,
				312AF21518D1ABE300DE95E6 /* MainViewController.m */,
				312AF21618D1ABE300DE95E6 /* MainViewController.xib */,
				312AF1F618D1AB7C00DE95E6 /* Images.xcassets */,
				312AF1EB18D1AB7C00DE95E6 /* Supporting Files */,
			);
			path = PostTask;
			sourceTree = "<group>";
		};
		312AF1EB18D1AB7C00DE95E6 /* Supporting Files */ = {
			isa = PBXGroup;
			children = (
				312AF1EC18D1AB7C00DE95E6 /* PostTask-Info.plist */,
				312AF1ED18D1AB7C00DE95E6 /* InfoPlist.strings */,
				312AF1F018D1AB7C00DE95E6 /* main.m */,
				312AF1F218D1AB7C00DE95E6 /* PostTask-Prefix.pch */,
			);
			name = "Supporting Files";
			sourceTree = "<group>";
		};
		312AF20318D1AB7C00DE95E6 /* PostTaskTests */ = {
			isa = PBXGroup;
			children = (
				312AF20918D1AB7C00DE95E6 /* PostTaskTests.m */,
				312AF20418D1AB7C00DE95E6 /* Supporting Files */,
			);
			path = PostTaskTests;
			sourceTree = "<group>";
		};
		312AF20418D1AB7C00DE95E6 /* Supporting Files */ = {
			isa = PBXGroup;
			children = (
				312AF20518D1AB7C00DE95E6 /* PostTaskTests-Info.plist */,
				312AF20618D1AB7C00DE95E6 /* InfoPlist.strings */,
			);
			name = "Supporting Files";
			sourceTree = "<group>";
		};
		312AF21318D1AB8500DE95E6 /* Images */ = {
			isa = PBXGroup;
			children = (
				3122CDD618D411B6003FADC9 /* navigationBackground-7.png */,
				3122CDD718D411B6003FADC9 /* navigationBackground-7@2x.png */,
				3122CDD818D411B6003FADC9 /* navigationBackground.png */,
				3122CDD918D411B6003FADC9 /* navigationBackground@2x.png */,
				312AF21918D1ADB100DE95E6 /* nab_bar.png */,
				312AF21B18D1AE7B00DE95E6 /* contact_book_this_trip_button.png */,
			);
			name = Images;
			sourceTree = "<group>";
		};
/* End PBXGroup section */

/* Begin PBXNativeTarget section */
		312AF1E018D1AB7C00DE95E6 /* PostTask */ = {
			isa = PBXNativeTarget;
			buildConfigurationList = 312AF20D18D1AB7C00DE95E6 /* Build configuration list for PBXNativeTarget "PostTask" */;
			buildPhases = (
				312AF1DD18D1AB7C00DE95E6 /* Sources */,
				312AF1DE18D1AB7C00DE95E6 /* Frameworks */,
				312AF1DF18D1AB7C00DE95E6 /* Resources */,
			);
			buildRules = (
			);
			dependencies = (
			);
			name = PostTask;
			productName = PostTask;
			productReference = 312AF1E118D1AB7C00DE95E6 /* PostTask.app */;
			productType = "com.apple.product-type.application";
		};
		312AF1FB18D1AB7C00DE95E6 /* PostTaskTests */ = {
			isa = PBXNativeTarget;
			buildConfigurationList = 312AF21018D1AB7C00DE95E6 /* Build configuration list for PBXNativeTarget "PostTaskTests" */;
			buildPhases = (
				312AF1F818D1AB7C00DE95E6 /* Sources */,
				312AF1F918D1AB7C00DE95E6 /* Frameworks */,
				312AF1FA18D1AB7C00DE95E6 /* Resources */,
			);
			buildRules = (
			);
			dependencies = (
				312AF20218D1AB7C00DE95E6 /* PBXTargetDependency */,
			);
			name = PostTaskTests;
			productName = PostTaskTests;
			productReference = 312AF1FC18D1AB7C00DE95E6 /* PostTaskTests.xctest */;
			productType = "com.apple.product-type.bundle.unit-test";
		};
/* End PBXNativeTarget section */

/* Begin PBXProject section */
		312AF1D918D1AB7C00DE95E6 /* Project object */ = {
			isa = PBXProject;
			attributes = {
				LastUpgradeCheck = 0510;
				ORGANIZATIONNAME = gkSolutions;
				TargetAttributes = {
					312AF1FB18D1AB7C00DE95E6 = {
						TestTargetID = 312AF1E018D1AB7C00DE95E6;
					};
				};
			};
			buildConfigurationList = 312AF1DC18D1AB7C00DE95E6 /* Build configuration list for PBXProject "PostTask" */;
			compatibilityVersion = "Xcode 3.2";
			developmentRegion = English;
			hasScannedForEncodings = 0;
			knownRegions = (
				en,
			);
			mainGroup = 312AF1D818D1AB7C00DE95E6;
			productRefGroup = 312AF1E218D1AB7C00DE95E6 /* Products */;
			projectDirPath = "";
			projectRoot = "";
			targets = (
				312AF1E018D1AB7C00DE95E6 /* PostTask */,
				312AF1FB18D1AB7C00DE95E6 /* PostTaskTests */,
			);
		};
/* End PBXProject section */

/* Begin PBXResourcesBuildPhase section */
		312AF1DF18D1AB7C00DE95E6 /* Resources */ = {
			isa = PBXResourcesBuildPhase;
			buildActionMask = 2147483647;
			files = (
				312AF1EF18D1AB7C00DE95E6 /* InfoPlist.strings in Resources */,
				3122CDDD18D411B6003FADC9 /* navigationBackground@2x.png in Resources */,
				3122CDDB18D411B6003FADC9 /* navigationBackground-7@2x.png in Resources */,
				312AF21C18D1AE7B00DE95E6 /* contact_book_this_trip_button.png in Resources */,
				3122CDDC18D411B6003FADC9 /* navigationBackground.png in Resources */,
				312AF21818D1ABE300DE95E6 /* MainViewController.xib in Resources */,
				3122CDDA18D411B6003FADC9 /* navigationBackground-7.png in Resources */,
				312AF1F718D1AB7C00DE95E6 /* Images.xcassets in Resources */,
				312AF21A18D1ADB100DE95E6 /* nab_bar.png in Resources */,
			);
			runOnlyForDeploymentPostprocessing = 0;
		};
		312AF1FA18D1AB7C00DE95E6 /* Resources */ = {
			isa = PBXResourcesBuildPhase;
			buildActionMask = 2147483647;
			files = (
				312AF20818D1AB7C00DE95E6 /* InfoPlist.strings in Resources */,
			);
			runOnlyForDeploymentPostprocessing = 0;
		};
/* End PBXResourcesBuildPhase section */

/* Begin PBXSourcesBuildPhase section */
		312AF1DD18D1AB7C00DE95E6 /* Sources */ = {
			isa = PBXSourcesBuildPhase;
			buildActionMask = 2147483647;
			files = (
				312AF1F518D1AB7C00DE95E6 /* AppDelegate.m in Sources */,
				311A37FD18D2A46900DD3300 /* WebServiceMethods.m in Sources */,
				312AF21718D1ABE300DE95E6 /* MainViewController.m in Sources */,
				312AF1F118D1AB7C00DE95E6 /* main.m in Sources */,
			);
			runOnlyForDeploymentPostprocessing = 0;
		};
		312AF1F818D1AB7C00DE95E6 /* Sources */ = {
			isa = PBXSourcesBuildPhase;
			buildActionMask = 2147483647;
			files = (
				312AF20A18D1AB7C00DE95E6 /* PostTaskTests.m in Sources */,
			);
			runOnlyForDeploymentPostprocessing = 0;
		};
/* End PBXSourcesBuildPhase section */

/* Begin PBXTargetDependency section */
		312AF20218D1AB7C00DE95E6 /* PBXTargetDependency */ = {
			isa = PBXTargetDependency;
			target = 312AF1E018D1AB7C00DE95E6 /* PostTask */;
			targetProxy = 312AF20118D1AB7C00DE95E6 /* PBXContainerItemProxy */;
		};
/* End PBXTargetDependency section */

/* Begin PBXVariantGroup section */
		312AF1ED18D1AB7C00DE95E6 /* InfoPlist.strings */ = {
			isa = PBXVariantGroup;
			children = (
				312AF1EE18D1AB7C00DE95E6 /* en */,
			);
			name = InfoPlist.strings;
			sourceTree = "<group>";
		};
		312AF20618D1AB7C00DE95E6 /* InfoPlist.strings */ = {
			isa = PBXVariantGroup;
			children = (
				312AF20718D1AB7C00DE95E6 /* en */,
			);
			name = InfoPlist.strings;
			sourceTree = "<group>";
		};
/* End PBXVariantGroup section */

/* Begin XCBuildConfiguration section */
		312AF20B18D1AB7C00DE95E6 /* Debug */ = {
			isa = XCBuildConfiguration;
			buildSettings = {
				ALWAYS_SEARCH_USER_PATHS = NO;
				CLANG_CXX_LANGUAGE_STANDARD = "gnu++0x";
				CLANG_CXX_LIBRARY = "libc++";
				CLANG_ENABLE_MODULES = YES;
				CLANG_ENABLE_OBJC_ARC = YES;
				CLANG_WARN_BOOL_CONVERSION = YES;
				CLANG_WARN_CONSTANT_CONVERSION = YES;
				CLANG_WARN_DIRECT_OBJC_ISA_USAGE = YES_ERROR;
				CLANG_WARN_EMPTY_BODY = YES;
				CLANG_WARN_ENUM_CONVERSION = YES;
				CLANG_WARN_INT_CONVERSION = YES;
				CLANG_WARN_OBJC_ROOT_CLASS = YES_ERROR;
				CLANG_WARN__DUPLICATE_METHOD_MATCH = YES;
				"CODE_SIGN_IDENTITY[sdk=iphoneos*]" = "iPhone Developer";
				COPY_PHASE_STRIP = NO;
				GCC_C_LANGUAGE_STANDARD = gnu99;
				GCC_DYNAMIC_NO_PIC = NO;
				GCC_OPTIMIZATION_LEVEL = 0;
				GCC_PREPROCESSOR_DEFINITIONS = (
					"DEBUG=1",
					"$(inherited)",
				);
				GCC_SYMBOLS_PRIVATE_EXTERN = NO;
				GCC_WARN_64_TO_32_BIT_CONVERSION = YES;
				GCC_WARN_ABOUT_RETURN_TYPE = YES_ERROR;
				GCC_WARN_UNDECLARED_SELECTOR = YES;
				GCC_WARN_UNINITIALIZED_AUTOS = YES_AGGRESSIVE;
				GCC_WARN_UNUSED_FUNCTION = YES;
				GCC_WARN_UNUSED_VARIABLE = YES;
				IPHONEOS_DEPLOYMENT_TARGET = 7.1;
				ONLY_ACTIVE_ARCH = YES;
				SDKROOT = iphoneos;
			};
			name = Debug;
		};
		312AF20C18D1AB7C00DE95E6 /* Release */ = {
			isa = XCBuildConfiguration;
			buildSettings = {
				ALWAYS_SEARCH_USER_PATHS = NO;
				CLANG_CXX_LANGUAGE_STANDARD = "gnu++0x";
				CLANG_CXX_LIBRARY = "libc++";
				CLANG_ENABLE_MODULES = YES;
				CLANG_ENABLE_OBJC_ARC = YES;
				CLANG_WARN_BOOL_CONVERSION = YES;
				CLANG_WARN_CONSTANT_CONVERSION = YES;
				CLANG_WARN_DIRECT_OBJC_ISA_USAGE = YES_ERROR;
				CLANG_WARN_EMPTY_BODY = YES;
				CLANG_WARN_ENUM_CONVERSION = YES;
				CLANG_WARN_INT_CONVERSION = YES;
				CLANG_WARN_OBJC_ROOT_CLASS = YES_ERROR;
				CLANG_WARN__DUPLICATE_METHOD_MATCH = YES;
				"CODE_SIGN_IDENTITY[sdk=iphoneos*]" = "iPhone Developer";
				COPY_PHASE_STRIP = YES;
				ENABLE_NS_ASSERTIONS = NO;
				GCC_C_LANGUAGE_STANDARD = gnu99;
				GCC_WARN_64_TO_32_BIT_CONVERSION = YES;
				GCC_WARN_ABOUT_RETURN_TYPE = YES_ERROR;
				GCC_WARN_UNDECLARED_SELECTOR = YES;
				GCC_WARN_UNINITIALIZED_AUTOS = YES_AGGRESSIVE;
				GCC_WARN_UNUSED_FUNCTION = YES;
				GCC_WARN_UNUSED_VARIABLE = YES;
				IPHONEOS_DEPLOYMENT_TARGET = 7.1;
				SDKROOT = iphoneos;
				VALIDATE_PRODUCT = YES;
			};
			name = Release;
		};
		312AF20E18D1AB7C00DE95E6 /* Debug */ = {
			isa = XCBuildConfiguration;
			buildSettings = {
				ASSETCATALOG_COMPILER_APPICON_NAME = AppIcon;
				ASSETCATALOG_COMPILER_LAUNCHIMAGE_NAME = LaunchImage;
				GCC_PRECOMPILE_PREFIX_HEADER = YES;
				GCC_PREFIX_HEADER = "PostTask/PostTask-Prefix.pch";
				INFOPLIST_FILE = "PostTask/PostTask-Info.plist";
				PRODUCT_NAME = "$(TARGET_NAME)";
				WRAPPER_EXTENSION = app;
			};
			name = Debug;
		};
		312AF20F18D1AB7C00DE95E6 /* Release */ = {
			isa = XCBuildConfiguration;
			buildSettings = {
				ASSETCATALOG_COMPILER_APPICON_NAME = AppIcon;
				ASSETCATALOG_COMPILER_LAUNCHIMAGE_NAME = LaunchImage;
				GCC_PRECOMPILE_PREFIX_HEADER = YES;
				GCC_PREFIX_HEADER = "PostTask/PostTask-Prefix.pch";
				INFOPLIST_FILE = "PostTask/PostTask-Info.plist";
				PRODUCT_NAME = "$(TARGET_NAME)";
				WRAPPER_EXTENSION = app;
			};
			name = Release;
		};
		312AF21118D1AB7C00DE95E6 /* Debug */ = {
			isa = XCBuildConfiguration;
			buildSettings = {
				BUNDLE_LOADER = "$(BUILT_PRODUCTS_DIR)/PostTask.app/PostTask";
				FRAMEWORK_SEARCH_PATHS = (
					"$(SDKROOT)/Developer/Library/Frameworks",
					"$(inherited)",
					"$(DEVELOPER_FRAMEWORKS_DIR)",
				);
				GCC_PRECOMPILE_PREFIX_HEADER = YES;
				GCC_PREFIX_HEADER = "PostTask/PostTask-Prefix.pch";
				GCC_PREPROCESSOR_DEFINITIONS = (
					"DEBUG=1",
					"$(inherited)",
				);
				INFOPLIST_FILE = "PostTaskTests/PostTaskTests-Info.plist";
				PRODUCT_NAME = "$(TARGET_NAME)";
				TEST_HOST = "$(BUNDLE_LOADER)";
				WRAPPER_EXTENSION = xctest;
			};
			name = Debug;
		};
		312AF21218D1AB7C00DE95E6 /* Release */ = {
			isa = XCBuildConfiguration;
			buildSettings = {
				BUNDLE_LOADER = "$(BUILT_PRODUCTS_DIR)/PostTask.app/PostTask";
				FRAMEWORK_SEARCH_PATHS = (
					"$(SDKROOT)/Developer/Library/Frameworks",
					"$(inherited)",
					"$(DEVELOPER_FRAMEWORKS_DIR)",
				);
				GCC_PRECOMPILE_PREFIX_HEADER = YES;
				GCC_PREFIX_HEADER = "PostTask/PostTask-Prefix.pch";
				INFOPLIST_FILE = "PostTaskTests/PostTaskTests-Info.plist";
				PRODUCT_NAME = "$(TARGET_NAME)";
				TEST_HOST = "$(BUNDLE_LOADER)";
				WRAPPER_EXTENSION = xctest;
			};
			name = Release;
		};
/* End XCBuildConfiguration section */

/* Begin XCConfigurationList section */
		312AF1DC18D1AB7C00DE95E6 /* Build configuration list for PBXProject "PostTask" */ = {
			isa = XCConfigurationList;
			buildConfigurations = (
				312AF20B18D1AB7C00DE95E6 /* Debug */,
				312AF20C18D1AB7C00DE95E6 /* Release */,
			);
			defaultConfigurationIsVisible = 0;
			defaultConfigurationName = Release;
		};
		312AF20D18D1AB7C00DE95E6 /* Build configuration list for PBXNativeTarget "PostTask" */ = {
			isa = XCConfigurationList;
			buildConfigurations = (
				312AF20E18D1AB7C00DE95E6 /* Debug */,
				312AF20F18D1AB7C00DE95E6 /* Release */,
			);
			defaultConfigurationIsVisible = 0;
			defaultConfigurationName = Release;
		};
		312AF21018D1AB7C00DE95E6 /* Build configuration list for PBXNativeTarget "PostTaskTests" */ = {
			isa = XCConfigurationList;
			buildConfigurations = (
				312AF21118D1AB7C00DE95E6 /* Debug */,
				312AF21218D1AB7C00DE95E6 /* Release */,
			);
			defaultConfigurationIsVisible = 0;
			defaultConfigurationName = Release;
		};
/* End XCConfigurationList section */
	};
	rootObject = 312AF1D918D1AB7C00DE95E6 /* Project object */;
}
